
Microsoft Visual Studio Solution File, Format Version 12.00
# Visual Studio Version 17
VisualStudioVersion = 17.11.35303.130
MinimumVisualStudioVersion = 10.0.40219.1
Project("{FAE04EC0-301F-11D3-BF4B-00C04F79EFBC}") = "QuanLySinhVien", "QuanLySinhVien\QuanLySinhVien.csproj", "{F3DF8ADB-6CBC-4329-812E-D16EAC262375}"
EndProject
Global
	GlobalSection(SolutionConfigurationPlatforms) = preSolution
		Debug|Any CPU = Debug|Any CPU
		Release|Any CPU = Release|Any CPU
	EndGlobalSection
	GlobalSection(ProjectConfigurationPlatforms) = postSolution
		{F3DF8ADB-6CBC-4329-812E-D16EAC262375}.Debug|Any CPU.ActiveCfg = Debug|Any CPU
		{F3DF8ADB-6CBC-4329-812E-D16EAC262375}.Debug|Any CPU.Build.0 = Debug|Any CPU
		{F3DF8ADB-6CBC-4329-812E-D16EAC262375}.Release|Any CPU.ActiveCfg = Release|Any CPU
		{F3DF8ADB-6CBC-4329-812E-D16EAC262375}.Release|Any CPU.Build.0 = Release|Any CPU
	EndGlobalSection
	GlobalSection(SolutionProperties) = preSolution
		HideSolutionNode = FALSE
	EndGlobalSection
	GlobalSection(ExtensibilityGlobals) = postSolution
		SolutionGuid = {56659684-38CE-464A-BAD9-C78E3BD313A5}
	EndGlobalSection
EndGlobal
